// !$*UTF8*$!
{
	archiveVersion = 1;
	classes = {
	};
	objectVersion = 50;
	objects = {

/* Begin PBXBuildFile section */
		B5BD28FC210B8F1C005682A9 /* MKToolTip.framework in Frameworks */ = {isa = PBXBuildFile; fileRef = B5BD28FB210B8F1C005682A9 /* MKToolTip.framework */; };
		B5BD28FD210B8F1C005682A9 /* MKToolTip.framework in Embed Frameworks */ = {isa = PBXBuildFile; fileRef = B5BD28FB210B8F1C005682A9 /* MKToolTip.framework */; settings = {ATTRIBUTES = (CodeSignOnCopy, RemoveHeadersOnCopy, ); }; };
		B5CCDEF920FB5C7500855E09 /* AppDelegate.swift in Sources */ = {isa = PBXBuildFile; fileRef = B5CCDEF820FB5C7500855E09 /* AppDelegate.swift */; };
		B5CCDEFB20FB5C7500855E09 /* ViewController.swift in Sources */ = {isa = PBXBuildFile; fileRef = B5CCDEFA20FB5C7500855E09 /* ViewController.swift */; };
		B5CCDEFE20FB5C7500855E09 /* Main.storyboard in Resources */ = {isa = PBXBuildFile; fileRef = B5CCDEFC20FB5C7500855E09 /* Main.storyboard */; };
		B5CCDF0020FB5C7600855E09 /* Assets.xcassets in Resources */ = {isa = PBXBuildFile; fileRef = B5CCDEFF20FB5C7600855E09 /* Assets.xcassets */; };
		B5CCDF0320FB5C7600855E09 /* LaunchScreen.storyboard in Resources */ = {isa = PBXBuildFile; fileRef = B5CCDF0120FB5C7600855E09 /* LaunchScreen.storyboard */; };
		B5CCDF0E20FB5C7600855E09 /* MKToolTip_ExampleTests.swift in Sources */ = {isa = PBXBuildFile; fileRef = B5CCDF0D20FB5C7600855E09 /* MKToolTip_ExampleTests.swift */; };
/* End PBXBuildFile section */

/* Begin PBXContainerItemProxy section */
		B5CCDF0A20FB5C7600855E09 /* PBXContainerItemProxy */ = {
			isa = PBXContainerItemProxy;
			containerPortal = B5CCDEED20FB5C7500855E09 /* Project object */;
			proxyType = 1;
			remoteGlobalIDString = B5CCDEF420FB5C7500855E09;
			remoteInfo = "MKToolTip-Example";
		};
/* End PBXContainerItemProxy section */

/* Begin PBXCopyFilesBuildPhase section */
		B5BD28FE210B8F1C005682A9 /* Embed Frameworks */ = {
			isa = PBXCopyFilesBuildPhase;
			buildActionMask = 2147483647;
			dstPath = "";
			dstSubfolderSpec = 10;
			files = (
				B5BD28FD210B8F1C005682A9 /* MKToolTip.framework in Embed Frameworks */,
			);
			name = "Embed Frameworks";
			runOnlyForDeploymentPostprocessing = 0;
		};
/* End PBXCopyFilesBuildPhase section */

/* Begin PBXFileReference section */
		B5BD28FB210B8F1C005682A9 /* MKToolTip.framework */ = {isa = PBXFileReference; explicitFileType = wrapper.framework; path = MKToolTip.framework; sourceTree = BUILT_PRODUCTS_DIR; };
		B5CCDEF520FB5C7500855E09 /* MKToolTip-Example.app */ = {isa = PBXFileReference; explicitFileType = wrapper.application; includeInIndex = 0; path = "MKToolTip-Example.app"; sourceTree = BUILT_PRODUCTS_DIR; };
		B5CCDEF820FB5C7500855E09 /* AppDelegate.swift */ = {isa = PBXFileReference; lastKnownFileType = sourcecode.swift; path = AppDelegate.swift; sourceTree = "<group>"; };
		B5CCDEFA20FB5C7500855E09 /* ViewController.swift */ = {isa = PBXFileReference; lastKnownFileType = sourcecode.swift; path = ViewController.swift; sourceTree = "<group>"; };
		B5CCDEFD20FB5C7500855E09 /* Base */ = {isa = PBXFileReference; lastKnownFileType = file.storyboard; name = Base; path = Base.lproj/Main.storyboard; sourceTree = "<group>"; };
		B5CCDEFF20FB5C7600855E09 /* Assets.xcassets */ = {isa = PBXFileReference; lastKnownFileType = folder.assetcatalog; path = Assets.xcassets; sourceTree = "<group>"; };
		B5CCDF0220FB5C7600855E09 /* Base */ = {isa = PBXFileReference; lastKnownFileType = file.storyboard; name = Base; path = Base.lproj/LaunchScreen.storyboard; sourceTree = "<group>"; };
		B5CCDF0420FB5C7600855E09 /* Info.plist */ = {isa = PBXFileReference; lastKnownFileType = text.plist.xml; path = Info.plist; sourceTree = "<group>"; };
		B5CCDF0920FB5C7600855E09 /* MKToolTip-ExampleTests.xctest */ = {isa = PBXFileReference; explicitFileType = wrapper.cfbundle; includeInIndex = 0; path = "MKToolTip-ExampleTests.xctest"; sourceTree = BUILT_PRODUCTS_DIR; };
		B5CCDF0D20FB5C7600855E09 /* MKToolTip_ExampleTests.swift */ = {isa = PBXFileReference; lastKnownFileType = sourcecode.swift; path = MKToolTip_ExampleTests.swift; sourceTree = "<group>"; };
		B5CCDF0F20FB5C7600855E09 /* Info.plist */ = {isa = PBXFileReference; lastKnownFileType = text.plist.xml; path = Info.plist; sourceTree = "<group>"; };
/* End PBXFileReference section */

/* Begin PBXFrameworksBuildPhase section */
		B5CCDEF220FB5C7500855E09 /* Frameworks */ = {
			isa = PBXFrameworksBuildPhase;
			buildActionMask = 2147483647;
			files = (
				B5BD28FC210B8F1C005682A9 /* MKToolTip.framework in Frameworks */,
			);
			runOnlyForDeploymentPostprocessing = 0;
		};
		B5CCDF0620FB5C7600855E09 /* Frameworks */ = {
			isa = PBXFrameworksBuildPhase;
			buildActionMask = 2147483647;
			files = (
			);
			runOnlyForDeploymentPostprocessing = 0;
		};
/* End PBXFrameworksBuildPhase section */

/* Begin PBXGroup section */
		B5CCDEEC20FB5C7500855E09 = {
			isa = PBXGroup;
			children = (
				B5BD28FB210B8F1C005682A9 /* MKToolTip.framework */,
				B5CCDEF720FB5C7500855E09 /* MKToolTip-Example */,
				B5CCDF0C20FB5C7600855E09 /* MKToolTip-ExampleTests */,
				B5CCDEF620FB5C7500855E09 /* Products */,
			);
			sourceTree = "<group>";
		};
		B5CCDEF620FB5C7500855E09 /* Products */ = {
			isa = PBXGroup;
			children = (
				B5CCDEF520FB5C7500855E09 /* MKToolTip-Example.app */,
				B5CCDF0920FB5C7600855E09 /* MKToolTip-ExampleTests.xctest */,
			);
			name = Products;
			sourceTree = "<group>";
		};
		B5CCDEF720FB5C7500855E09 /* MKToolTip-Example */ = {
			isa = PBXGroup;
			children = (
				B5CCDEF820FB5C7500855E09 /* AppDelegate.swift */,
				B5CCDEFA20FB5C7500855E09 /* ViewController.swift */,
				B5CCDEFC20FB5C7500855E09 /* Main.storyboard */,
				B5CCDEFF20FB5C7600855E09 /* Assets.xcassets */,
				B5CCDF0120FB5C7600855E09 /* LaunchScreen.storyboard */,
				B5CCDF0420FB5C7600855E09 /* Info.plist */,
			);
			path = "MKToolTip-Example";
			sourceTree = "<group>";
		};
		B5CCDF0C20FB5C7600855E09 /* MKToolTip-ExampleTests */ = {
			isa = PBXGroup;
			children = (
				B5CCDF0D20FB5C7600855E09 /* MKToolTip_ExampleTests.swift */,
				B5CCDF0F20FB5C7600855E09 /* Info.plist */,
			);
			path = "MKToolTip-ExampleTests";
			sourceTree = "<group>";
		};
/* End PBXGroup section */

/* Begin PBXNativeTarget section */
		B5CCDEF420FB5C7500855E09 /* MKToolTip-Example */ = {
			isa = PBXNativeTarget;
			buildConfigurationList = B5CCDF1220FB5C7600855E09 /* Build configuration list for PBXNativeTarget "MKToolTip-Example" */;
			buildPhases = (
				B5CCDEF120FB5C7500855E09 /* Sources */,
				B5CCDEF220FB5C7500855E09 /* Frameworks */,
				B5CCDEF320FB5C7500855E09 /* Resources */,
				B5BD28FE210B8F1C005682A9 /* Embed Frameworks */,
			);
			buildRules = (
			);
			dependencies = (
			);
			name = "MKToolTip-Example";
			productName = "MKToolTip-Example";
			productReference = B5CCDEF520FB5C7500855E09 /* MKToolTip-Example.app */;
			productType = "com.apple.product-type.application";
		};
		B5CCDF0820FB5C7600855E09 /* MKToolTip-ExampleTests */ = {
			isa = PBXNativeTarget;
			buildConfigurationList = B5CCDF1520FB5C7600855E09 /* Build configuration list for PBXNativeTarget "MKToolTip-ExampleTests" */;
			buildPhases = (
				B5CCDF0520FB5C7600855E09 /* Sources */,
				B5CCDF0620FB5C7600855E09 /* Frameworks */,
				B5CCDF0720FB5C7600855E09 /* Resources */,
			);
			buildRules = (
			);
			dependencies = (
				B5CCDF0B20FB5C7600855E09 /* PBXTargetDependency */,
			);
			name = "MKToolTip-ExampleTests";
			productName = "MKToolTip-ExampleTests";
			productReference = B5CCDF0920FB5C7600855E09 /* MKToolTip-ExampleTests.xctest */;
			productType = "com.apple.product-type.bundle.unit-test";
		};
/* End PBXNativeTarget section */

/* Begin PBXProject section */
		B5CCDEED20FB5C7500855E09 /* Project object */ = {
			isa = PBXProject;
			attributes = {
				LastSwiftUpdateCheck = 0940;
				LastUpgradeCheck = 0940;
				ORGANIZATIONNAME = "Metin Kilicaslan";
				TargetAttributes = {
					B5CCDEF420FB5C7500855E09 = {
						CreatedOnToolsVersion = 9.4.1;
					};
					B5CCDF0820FB5C7600855E09 = {
						CreatedOnToolsVersion = 9.4.1;
						TestTargetID = B5CCDEF420FB5C7500855E09;
					};
				};
			};
			buildConfigurationList = B5CCDEF020FB5C7500855E09 /* Build configuration list for PBXProject "MKToolTip-Example" */;
			compatibilityVersion = "Xcode 9.3";
			developmentRegion = en;
			hasScannedForEncodings = 0;
			knownRegions = (
				en,
				Base,
			);
			mainGroup = B5CCDEEC20FB5C7500855E09;
			productRefGroup = B5CCDEF620FB5C7500855E09 /* Products */;
			projectDirPath = "";
			projectRoot = "";
			targets = (
				B5CCDEF420FB5C7500855E09 /* MKToolTip-Example */,
				B5CCDF0820FB5C7600855E09 /* MKToolTip-ExampleTests */,
			);
		};
/* End PBXProject section */

/* Begin PBXResourcesBuildPhase section */
		B5CCDEF320FB5C7500855E09 /* Resources */ = {
			isa = PBXResourcesBuildPhase;
			buildActionMask = 2147483647;
			files = (
				B5CCDF0320FB5C7600855E09 /* LaunchScreen.storyboard in Resources */,
				B5CCDF0020FB5C7600855E09 /* Assets.xcassets in Resources */,
				B5CCDEFE20FB5C7500855E09 /* Main.storyboard in Resources */,
			);
			runOnlyForDeploymentPostprocessing = 0;
		};
		B5CCDF0720FB5C7600855E09 /* Resources */ = {
			isa = PBXResourcesBuildPhase;
			buildActionMask = 2147483647;
			files = (
			);
			runOnlyForDeploymentPostprocessing = 0;
		};
/* End PBXResourcesBuildPhase section */

/* Begin PBXSourcesBuildPhase section */
		B5CCDEF120FB5C7500855E09 /* Sources */ = {
			isa = PBXSourcesBuildPhase;
			buildActionMask = 2147483647;
			files = (
				B5CCDEFB20FB5C7500855E09 /* ViewController.swift in Sources */,
				B5CCDEF920FB5C7500855E09 /* AppDelegate.swift in Sources */,
			);
			runOnlyForDeploymentPostprocessing = 0;
		};
		B5CCDF0520FB5C7600855E09 /* Sources */ = {
			isa = PBXSourcesBuildPhase;
			buildActionMask = 2147483647;
			files = (
				B5CCDF0E20FB5C7600855E09 /* MKToolTip_ExampleTests.swift in Sources */,
			);
			runOnlyForDeploymentPostprocessing = 0;
		};
/* End PBXSourcesBuildPhase section */

/* Begin PBXTargetDependency section */
		B5CCDF0B20FB5C7600855E09 /* PBXTargetDependency */ = {
			isa = PBXTargetDependency;
			target = B5CCDEF420FB5C7500855E09 /* MKToolTip-Example */;
			targetProxy = B5CCDF0A20FB5C7600855E09 /* PBXContainerItemProxy */;
		};
/* End PBXTargetDependency section */

/* Begin PBXVariantGroup section */
		B5CCDEFC20FB5C7500855E09 /* Main.storyboard */ = {
			isa = PBXVariantGroup;
			children = (
				B5CCDEFD20FB5C7500855E09 /* Base */,
			);
			name = Main.storyboard;
			sourceTree = "<group>";
		};
		B5CCDF0120FB5C7600855E09 /* LaunchScreen.storyboard */ = {
			isa = PBXVariantGroup;
			children = (
				B5CCDF0220FB5C7600855E09 /* Base */,
			);
			name = LaunchScreen.storyboard;
			sourceTree = "<group>";
		};
/* End PBXVariantGroup section */

/* Begin XCBuildConfiguration section */
		B5CCDF1020FB5C7600855E09 /* Debug */ = {
			isa = XCBuildConfiguration;
			buildSettings = {
				ALWAYS_SEARCH_USER_PATHS = NO;
				CLANG_ANALYZER_NONNULL = YES;
				CLANG_ANALYZER_NUMBER_OBJECT_CONVERSION = YES_AGGRESSIVE;
				CLANG_CXX_LANGUAGE_STANDARD = "gnu++14";
				CLANG_CXX_LIBRARY = "libc++";
				CLANG_ENABLE_MODULES = YES;
				CLANG_ENABLE_OBJC_ARC = YES;
				CLANG_ENABLE_OBJC_WEAK = YES;
				CLANG_WARN_BLOCK_CAPTURE_AUTORELEASING = YES;
				CLANG_WARN_BOOL_CONVERSION = YES;
				CLANG_WARN_COMMA = YES;
				CLANG_WARN_CONSTANT_CONVERSION = YES;
				CLANG_WARN_DEPRECATED_OBJC_IMPLEMENTATIONS = YES;
				CLANG_WARN_DIRECT_OBJC_ISA_USAGE = YES_ERROR;
				CLANG_WARN_DOCUMENTATION_COMMENTS = YES;
				CLANG_WARN_EMPTY_BODY = YES;
				CLANG_WARN_ENUM_CONVERSION = YES;
				CLANG_WARN_INFINITE_RECURSION = YES;
				CLANG_WARN_INT_CONVERSION = YES;
				CLANG_WARN_NON_LITERAL_NULL_CONVERSION = YES;
				CLANG_WARN_OBJC_IMPLICIT_RETAIN_SELF = YES;
				CLANG_WARN_OBJC_LITERAL_CONVERSION = YES;
				CLANG_WARN_OBJC_ROOT_CLASS = YES_ERROR;
				CLANG_WARN_RANGE_LOOP_ANALYSIS = YES;
				CLANG_WARN_STRICT_PROTOTYPES = YES;
				CLANG_WARN_SUSPICIOUS_MOVE = YES;
				CLANG_WARN_UNGUARDED_AVAILABILITY = YES_AGGRESSIVE;
				CLANG_WARN_UNREACHABLE_CODE = YES;
				CLANG_WARN__DUPLICATE_METHOD_MATCH = YES;
				CODE_SIGN_IDENTITY = "iPhone Developer";
				COPY_PHASE_STRIP = NO;
				DEBUG_INFORMATION_FORMAT = dwarf;
				ENABLE_STRICT_OBJC_MSGSEND = YES;
				ENABLE_TESTABILITY = YES;
				GCC_C_LANGUAGE_STANDARD = gnu11;
				GCC_DYNAMIC_NO_PIC = NO;
				GCC_NO_COMMON_BLOCKS = YES;
				GCC_OPTIMIZATION_LEVEL = 0;
				GCC_PREPROCESSOR_DEFINITIONS = (
					"DEBUG=1",
					"$(inherited)",
				);
				GCC_WARN_64_TO_32_BIT_CONVERSION = YES;
				GCC_WARN_ABOUT_RETURN_TYPE = YES_ERROR;
				GCC_WARN_UNDECLARED_SELECTOR = YES;
				GCC_WARN_UNINITIALIZED_AUTOS = YES_AGGRESSIVE;
				GCC_WARN_UNUSED_FUNCTION = YES;
				GCC_WARN_UNUSED_VARIABLE = YES;
				IPHONEOS_DEPLOYMENT_TARGET = 11.4;
				MTL_ENABLE_DEBUG_INFO = YES;
				ONLY_ACTIVE_ARCH = YES;
				SDKROOT = iphoneos;
				SWIFT_ACTIVE_COMPILATION_CONDITIONS = DEBUG;
				SWIFT_OPTIMIZATION_LEVEL = "-Onone";
			};
			name = Debug;
		};
		B5CCDF1120FB5C7600855E09 /* Release */ = {
			isa = XCBuildConfiguration;
			buildSettings = {
				ALWAYS_SEARCH_USER_PATHS = NO;
				CLANG_ANALYZER_NONNULL = YES;
				CLANG_ANALYZER_NUMBER_OBJECT_CONVERSION = YES_AGGRESSIVE;
				CLANG_CXX_LANGUAGE_STANDARD = "gnu++14";
				CLANG_CXX_LIBRARY = "libc++";
				CLANG_ENABLE_MODULES = YES;
				CLANG_ENABLE_OBJC_ARC = YES;
				CLANG_ENABLE_OBJC_WEAK = YES;
				CLANG_WARN_BLOCK_CAPTURE_AUTORELEASING = YES;
				CLANG_WARN_BOOL_CONVERSION = YES;
				CLANG_WARN_COMMA = YES;
				CLANG_WARN_CONSTANT_CONVERSION = YES;
				CLANG_WARN_DEPRECATED_OBJC_IMPLEMENTATIONS = YES;
				CLANG_WARN_DIRECT_OBJC_ISA_USAGE = YES_ERROR;
				CLANG_WARN_DOCUMENTATION_COMMENTS = YES;
				CLANG_WARN_EMPTY_BODY = YES;
				CLANG_WARN_ENUM_CONVERSION = YES;
				CLANG_WARN_INFINITE_RECURSION = YES;
				CLANG_WARN_INT_CONVERSION = YES;
				CLANG_WARN_NON_LITERAL_NULL_CONVERSION = YES;
				CLANG_WARN_OBJC_IMPLICIT_RETAIN_SELF = YES;
				CLANG_WARN_OBJC_LITERAL_CONVERSION = YES;
				CLANG_WARN_OBJC_ROOT_CLASS = YES_ERROR;
				CLANG_WARN_RANGE_LOOP_ANALYSIS = YES;
				CLANG_WARN_STRICT_PROTOTYPES = YES;
				CLANG_WARN_SUSPICIOUS_MOVE = YES;
				CLANG_WARN_UNGUARDED_AVAILABILITY = YES_AGGRESSIVE;
				CLANG_WARN_UNREACHABLE_CODE = YES;
				CLANG_WARN__DUPLICATE_METHOD_MATCH = YES;
				CODE_SIGN_IDENTITY = "iPhone Developer";
				COPY_PHASE_STRIP = NO;
				DEBUG_INFORMATION_FORMAT = "dwarf-with-dsym";
				ENABLE_NS_ASSERTIONS = NO;
				ENABLE_STRICT_OBJC_MSGSEND = YES;
				GCC_C_LANGUAGE_STANDARD = gnu11;
				GCC_NO_COMMON_BLOCKS = YES;
				GCC_WARN_64_TO_32_BIT_CONVERSION = YES;
				GCC_WARN_ABOUT_RETURN_TYPE = YES_ERROR;
				GCC_WARN_UNDECLARED_SELECTOR = YES;
				GCC_WARN_UNINITIALIZED_AUTOS = YES_AGGRESSIVE;
				GCC_WARN_UNUSED_FUNCTION = YES;
				GCC_WARN_UNUSED_VARIABLE = YES;
				IPHONEOS_DEPLOYMENT_TARGET = 11.4;
				MTL_ENABLE_DEBUG_INFO = NO;
				SDKROOT = iphoneos;
				SWIFT_COMPILATION_MODE = wholemodule;
				SWIFT_OPTIMIZATION_LEVEL = "-O";
				VALIDATE_PRODUCT = YES;
			};
			name = Release;
		};
		B5CCDF1320FB5C7600855E09 /* Debug */ = {
			isa = XCBuildConfiguration;
			buildSettings = {
				ASSETCATALOG_COMPILER_APPICON_NAME = AppIcon;
				CODE_SIGN_STYLE = Automatic;
				DEVELOPMENT_TEAM = X5Q8UN75N5;
				INFOPLIST_FILE = "MKToolTip-Example/Info.plist";
				IPHONEOS_DEPLOYMENT_TARGET = 10.0;
				LD_RUNPATH_SEARCH_PATHS = (
					"$(inherited)",
					"@executable_path/Frameworks",
				);
				PRODUCT_BUNDLE_IDENTIFIER = "com.metinkilicaslan.MKToolTip-Example";
				PRODUCT_NAME = "$(TARGET_NAME)";
				SWIFT_VERSION = 4.2;
				TARGETED_DEVICE_FAMILY = "1,2";
			};
			name = Debug;
		};
		B5CCDF1420FB5C7600855E09 /* Release */ = {
			isa = XCBuildConfiguration;
			buildSettings = {
				ASSETCATALOG_COMPILER_APPICON_NAME = AppIcon;
				CODE_SIGN_STYLE = Automatic;
				DEVELOPMENT_TEAM = X5Q8UN75N5;
				INFOPLIST_FILE = "MKToolTip-Example/Info.plist";
				IPHONEOS_DEPLOYMENT_TARGET = 10.0;
				LD_RUNPATH_SEARCH_PATHS = (
					"$(inherited)",
					"@executable_path/Frameworks",
				);
				PRODUCT_BUNDLE_IDENTIFIER = "com.metinkilicaslan.MKToolTip-Example";
				PRODUCT_NAME = "$(TARGET_NAME)";
				SWIFT_VERSION = 4.2;
				TARGETED_DEVICE_FAMILY = "1,2";
			};
			name = Release;
		};
		B5CCDF1620FB5C7600855E09 /* Debug */ = {
			isa = XCBuildConfiguration;
			buildSettings = {
				ALWAYS_EMBED_SWIFT_STANDARD_LIBRARIES = YES;
				BUNDLE_LOADER = "$(TEST_HOST)";
				CODE_SIGN_STYLE = Automatic;
				DEVELOPMENT_TEAM = X5Q8UN75N5;
				INFOPLIST_FILE = "MKToolTip-ExampleTests/Info.plist";
				LD_RUNPATH_SEARCH_PATHS = (
					"$(inherited)",
					"@executable_path/Frameworks",
					"@loader_path/Frameworks",
				);
				PRODUCT_BUNDLE_IDENTIFIER = "com.metinkilicaslan.MKToolTip-ExampleTests";
				PRODUCT_NAME = "$(TARGET_NAME)";
				SWIFT_VERSION = 4.2;
				TARGETED_DEVICE_FAMILY = "1,2";
				TEST_HOST = "$(BUILT_PRODUCTS_DIR)/MKToolTip-Example.app/MKToolTip-Example";
			};
			name = Debug;
		};
		B5CCDF1720FB5C7600855E09 /* Release */ = {
			isa = XCBuildConfiguration;
			buildSettings = {
				ALWAYS_EMBED_SWIFT_STANDARD_LIBRARIES = YES;
				BUNDLE_LOADER = "$(TEST_HOST)";
				CODE_SIGN_STYLE = Automatic;
				DEVELOPMENT_TEAM = X5Q8UN75N5;
				INFOPLIST_FILE = "MKToolTip-ExampleTests/Info.plist";
				LD_RUNPATH_SEARCH_PATHS = (
					"$(inherited)",
					"@executable_path/Frameworks",
					"@loader_path/Frameworks",
				);
				PRODUCT_BUNDLE_IDENTIFIER = "com.metinkilicaslan.MKToolTip-ExampleTests";
				PRODUCT_NAME = "$(TARGET_NAME)";
				SWIFT_VERSION = 4.2;
				TARGETED_DEVICE_FAMILY = "1,2";
				TEST_HOST = "$(BUILT_PRODUCTS_DIR)/MKToolTip-Example.app/MKToolTip-Example";
			};
			name = Release;
		};
/* End XCBuildConfiguration section */

/* Begin XCConfigurationList section */
		B5CCDEF020FB5C7500855E09 /* Build configuration list for PBXProject "MKToolTip-Example" */ = {
			isa = XCConfigurationList;
			buildConfigurations = (
				B5CCDF1020FB5C7600855E09 /* Debug */,
				B5CCDF1120FB5C7600855E09 /* Release */,
			);
			defaultConfigurationIsVisible = 0;
			defaultConfigurationName = Release;
		};
		B5CCDF1220FB5C7600855E09 /* Build configuration list for PBXNativeTarget "MKToolTip-Example" */ = {
			isa = XCConfigurationList;
			buildConfigurations = (
				B5CCDF1320FB5C7600855E09 /* Debug */,
				B5CCDF1420FB5C7600855E09 /* Release */,
			);
			defaultConfigurationIsVisible = 0;
			defaultConfigurationName = Release;
		};
		B5CCDF1520FB5C7600855E09 /* Build configuration list for PBXNativeTarget "MKToolTip-ExampleTests" */ = {
			isa = XCConfigurationList;
			buildConfigurations = (
				B5CCDF1620FB5C7600855E09 /* Debug */,
				B5CCDF1720FB5C7600855E09 /* Release */,
			);
			defaultConfigurationIsVisible = 0;
			defaultConfigurationName = Release;
		};
/* End XCConfigurationList section */
	};
	rootObject = B5CCDEED20FB5C7500855E09 /* Project object */;
}
